
Microsoft Visual Studio Solution File, Format Version 12.00
# Visual Studio Version 17
VisualStudioVersion = 17.10.35013.160
MinimumVisualStudioVersion = 10.0.40219.1
Project("{FAE04EC0-301F-11D3-BF4B-00C04F79EFBC}") = "BastionLauncher", "BastionLauncher\BastionLauncher.csproj", "{5AD4B935-9A90-4C36-84EF-7A7F8F88BE66}"
EndProject
Global
	GlobalSection(SolutionConfigurationPlatforms) = preSolution
		Debug|Any CPU = Debug|Any CPU
		Release|Any CPU = Release|Any CPU
	EndGlobalSection
	GlobalSection(ProjectConfigurationPlatforms) = postSolution
		{5AD4B935-9A90-4C36-84EF-7A7F8F88BE66}.Debug|Any CPU.ActiveCfg = Debug|Any CPU
		{5AD4B935-9A90-4C36-84EF-7A7F8F88BE66}.Debug|Any CPU.Build.0 = Debug|Any CPU
		{5AD4B935-9A90-4C36-84EF-7A7F8F88BE66}.Release|Any CPU.ActiveCfg = Release|Any CPU
		{5AD4B935-9A90-4C36-84EF-7A7F8F88BE66}.Release|Any CPU.Build.0 = Release|Any CPU
	EndGlobalSection
	GlobalSection(SolutionProperties) = preSolution
		HideSolutionNode = FALSE
	EndGlobalSection
	GlobalSection(ExtensibilityGlobals) = postSolution
		SolutionGuid = {4BE0AC34-4327-4146-A3AA-190FD075A57A}
	EndGlobalSection
EndGlobal
